# generated by rye
# use `rye lock` or `rye sync` to update this lockfile
#
# last locked with the following flags:
#   pre: false
#   features: []
#   all-features: false
#   with-sources: false
#   generate-hashes: false
#   universal: false

-e file:.
annotated-types==0.7.0
    # via pydantic
anyio==4.4.0
    # via httpx
    # via openai
    # via starlette
    # via watchfiles
certifi==2024.7.4
    # via httpcore
    # via httpx
    # via requests
charset-normalizer==3.3.2
    # via requests
click==8.1.7
    # via typer
    # via uvicorn
distro==1.9.0
    # via openai
dnspython==2.6.1
    # via email-validator
email-validator==2.2.0
    # via fastapi
fastapi==0.112.0
    # via fastapi-rag
fastapi-cli==0.0.5
    # via fastapi
filelock==3.15.4
    # via huggingface-hub
    # via torch
    # via transformers
fsspec==2024.6.1
    # via huggingface-hub
    # via torch
grpcio==1.65.4
    # via grpcio-tools
    # via qdrant-client
grpcio-tools==1.65.4
    # via qdrant-client
h11==0.14.0
    # via httpcore
    # via uvicorn
h2==4.1.0
    # via httpx
hpack==4.0.0
    # via h2
httpcore==1.0.5
    # via httpx
httptools==0.6.1
    # via uvicorn
httpx==0.27.0
    # via fastapi
    # via openai
    # via qdrant-client
huggingface-hub==0.24.5
    # via sentence-transformers
    # via tokenizers
    # via transformers
hyperframe==6.0.1
    # via h2
idna==3.7
    # via anyio
    # via email-validator
    # via httpx
    # via requests
jinja2==3.1.4
    # via fastapi
    # via fastapi-rag
    # via torch
joblib==1.4.2
    # via scikit-learn
markdown-it-py==3.0.0
    # via rich
markupsafe==2.1.5
    # via jinja2
mdurl==0.1.2
    # via markdown-it-py
mpmath==1.3.0
    # via sympy
networkx==3.3
    # via torch
numpy==2.0.1
    # via qdrant-client
    # via scikit-learn
    # via scipy
    # via sentence-transformers
    # via transformers
openai==1.38.0
    # via fastapi-rag
packaging==24.1
    # via huggingface-hub
    # via transformers
pillow==10.4.0
    # via sentence-transformers
portalocker==2.10.1
    # via qdrant-client
protobuf==5.27.3
    # via grpcio-tools
pydantic==2.8.2
    # via fastapi
    # via openai
    # via qdrant-client
pydantic-core==2.20.1
    # via pydantic
pygments==2.18.0
    # via rich
python-dotenv==1.0.1
    # via uvicorn
python-multipart==0.0.9
    # via fastapi
pyyaml==6.0.1
    # via huggingface-hub
    # via transformers
    # via uvicorn
qdrant-client==1.10.1
    # via fastapi-rag
regex==2024.7.24
    # via transformers
requests==2.32.3
    # via huggingface-hub
    # via transformers
rich==13.7.1
    # via typer
safetensors==0.4.3
    # via transformers
scikit-learn==1.5.1
    # via sentence-transformers
scipy==1.14.0
    # via scikit-learn
    # via sentence-transformers
sentence-transformers==3.0.1
    # via fastapi-rag
setuptools==72.1.0
    # via grpcio-tools
    # via torch
shellingham==1.5.4
    # via typer
sniffio==1.3.1
    # via anyio
    # via httpx
    # via openai
starlette==0.37.2
    # via fastapi
sympy==1.13.1
    # via torch
threadpoolctl==3.5.0
    # via scikit-learn
tokenizers==0.19.1
    # via transformers
torch @ https://download.pytorch.org/whl/cpu-cxx11-abi/torch-2.4.0%2Bcpu.cxx11.abi-cp312-cp312-linux_x86_64.whl#sha256=99f701862b88f2ece4de38ce01622735d313a8794c03d21a2be1691a7ebdb3ce
    # via fastapi-rag
    # via sentence-transformers
tqdm==4.66.4
    # via huggingface-hub
    # via openai
    # via sentence-transformers
    # via transformers
transformers==4.43.3
    # via sentence-transformers
typer==0.12.3
    # via fastapi-cli
typing-extensions==4.12.2
    # via fastapi
    # via huggingface-hub
    # via openai
    # via pydantic
    # via pydantic-core
    # via torch
    # via typer
urllib3==2.2.2
    # via qdrant-client
    # via requests
uvicorn==0.30.5
    # via fastapi
    # via fastapi-cli
uvloop==0.19.0
    # via uvicorn
watchfiles==0.22.0
    # via uvicorn
websockets==12.0
    # via uvicorn
